
Microsoft Visual Studio Solution File, Format Version 12.00
# Visual Studio 15
VisualStudioVersion = 15.0.28307.1267
MinimumVisualStudioVersion = 10.0.40219.1
Project("{FAE04EC0-301F-11D3-BF4B-00C04F79EFBC}") = "StructsMachines", "StructsMachines\StructsMachines.csproj", "{233FBF84-2D79-4E9B-835D-3E2EB3D2C1BA}"
EndProject
Global
	GlobalSection(SolutionConfigurationPlatforms) = preSolution
		Debug|Any CPU = Debug|Any CPU
		Release|Any CPU = Release|Any CPU
	EndGlobalSection
	GlobalSection(ProjectConfigurationPlatforms) = postSolution
		{233FBF84-2D79-4E9B-835D-3E2EB3D2C1BA}.Debug|Any CPU.ActiveCfg = Debug|Any CPU
		{233FBF84-2D79-4E9B-835D-3E2EB3D2C1BA}.Debug|Any CPU.Build.0 = Debug|Any CPU
		{233FBF84-2D79-4E9B-835D-3E2EB3D2C1BA}.Release|Any CPU.ActiveCfg = Release|Any CPU
		{233FBF84-2D79-4E9B-835D-3E2EB3D2C1BA}.Release|Any CPU.Build.0 = Release|Any CPU
	EndGlobalSection
	GlobalSection(SolutionProperties) = preSolution
		HideSolutionNode = FALSE
	EndGlobalSection
	GlobalSection(ExtensibilityGlobals) = postSolution
		SolutionGuid = {FADB7137-D438-4072-9408-E62EF6EBFEE7}
	EndGlobalSection
EndGlobal
